
Microsoft Visual Studio Solution File, Format Version 12.00
# Visual Studio 15
VisualStudioVersion = 15.0.28307.645
MinimumVisualStudioVersion = 10.0.40219.1
Project("{9A19103F-16F7-4668-BE54-9A1E7A4F7556}") = "ApiTest", "ApiTest\ApiTest.csproj", "{6160CFBF-8785-4834-B8DE-3E56A611C201}"
EndProject
Global
	GlobalSection(SolutionConfigurationPlatforms) = preSolution
		Debug|Any CPU = Debug|Any CPU
		Debug|x64 = Debug|x64
		Release|Any CPU = Release|Any CPU
		Release|x64 = Release|x64
	EndGlobalSection
	GlobalSection(ProjectConfigurationPlatforms) = postSolution
		{6160CFBF-8785-4834-B8DE-3E56A611C201}.Debug|Any CPU.ActiveCfg = Debug|Any CPU
		{6160CFBF-8785-4834-B8DE-3E56A611C201}.Debug|Any CPU.Build.0 = Debug|Any CPU
		{6160CFBF-8785-4834-B8DE-3E56A611C201}.Debug|x64.ActiveCfg = Debug|Any CPU
		{6160CFBF-8785-4834-B8DE-3E56A611C201}.Debug|x64.Build.0 = Debug|Any CPU
		{6160CFBF-8785-4834-B8DE-3E56A611C201}.Release|Any CPU.ActiveCfg = Release|Any CPU
		{6160CFBF-8785-4834-B8DE-3E56A611C201}.Release|Any CPU.Build.0 = Release|Any CPU
		{6160CFBF-8785-4834-B8DE-3E56A611C201}.Release|x64.ActiveCfg = Release|Any CPU
		{6160CFBF-8785-4834-B8DE-3E56A611C201}.Release|x64.Build.0 = Release|Any CPU
	EndGlobalSection
	GlobalSection(SolutionProperties) = preSolution
		HideSolutionNode = FALSE
	EndGlobalSection
	GlobalSection(ExtensibilityGlobals) = postSolution
		SolutionGuid = {ED7EBEEE-8EBB-4149-B9DE-6AFDCFB84DD3}
	EndGlobalSection
EndGlobal
